{
  "name": "@nabdz/nabddz-engine",
  "version": "3.0.0",
  "lockfileVersion": 3,
  "requires": true,
  "packages": {
    "": {
      "name": "@nabdz/nabddz-engine",
      "version": "3.0.0",
      "devDependencies": {
        "@11ty/eleventy": "^2.0.1"
      }
    },
    "node_modules/@11ty/eleventy": {
      "version": "2.0.1",
      "resolved": "https://registry.npmjs.org/@11ty/eleventy/-/eleventy-2.0.1.tgz",
      "integrity": "sha512-t8XsBq2H3Q1sLzPrlpQ4ySJS6mNFRdxMrc8d2B8dH0JEeIv/uI5g2B7V9jv0tL9V1X2hZuC2dMhWvhaFWA==",
      "dev": true
    }
  }
}
